# This file is automatically @generated by Cargo.
# It is not intended for manual editing.
version = 4

[[package]]
name = "autotools"
version = "0.2.7"
source = "registry+https://github.com/rust-lang/crates.io-index"
checksum = "ef941527c41b0fc0dd48511a8154cd5fc7e29200a0ff8b7203c5d777dbc795cf"
dependencies = [
 "cc",
]

[[package]]
name = "bdwgc-alloc"
version = "0.6.12"
dependencies = [
 "autotools",
 "libc",
]

[[package]]
name = "cc"
version = "1.0.83"
source = "registry+https://github.com/rust-lang/crates.io-index"
checksum = "f1174fb0b6ec23863f8b971027804a42614e347eafb0a95bf0b12cdae21fc4d0"
dependencies = [
 "libc",
]

[[package]]
name = "dynamic_threads"
version = "0.1.0"
dependencies = [
 "bdwgc-alloc",
]

[[package]]
name = "free_by_borrow"
version = "0.1.0"
dependencies = [
 "bdwgc-alloc",
]

[[package]]
name = "free_by_gc"
version = "0.1.0"
dependencies = [
 "bdwgc-alloc",
]

[[package]]
name = "libc"
version = "0.2.178"
source = "registry+https://github.com/rust-lang/crates.io-index"
checksum = "37c93d8daa9d8a012fd8ab92f088405fb202ea0b6ab73ee2482ae66af4f42091"

[[package]]
name = "static_threads"
version = "0.1.0"
dependencies = [
 "bdwgc-alloc",
]
